
Microsoft Visual Studio Solution File, Format Version 12.00
# Visual Studio Version 16
VisualStudioVersion = 16.0.31702.278
MinimumVisualStudioVersion = 10.0.40219.1
Project("{FAE04EC0-301F-11D3-BF4B-00C04F79EFBC}") = "PRG282Project", "PRG282Project\PRG282Project.csproj", "{B13A6B1E-7711-447E-80DB-446B80028D3C}"
EndProject
Global
	GlobalSection(SolutionConfigurationPlatforms) = preSolution
		Debug|Any CPU = Debug|Any CPU
		Release|Any CPU = Release|Any CPU
	EndGlobalSection
	GlobalSection(ProjectConfigurationPlatforms) = postSolution
		{B13A6B1E-7711-447E-80DB-446B80028D3C}.Debug|Any CPU.ActiveCfg = Debug|Any CPU
		{B13A6B1E-7711-447E-80DB-446B80028D3C}.Debug|Any CPU.Build.0 = Debug|Any CPU
		{B13A6B1E-7711-447E-80DB-446B80028D3C}.Release|Any CPU.ActiveCfg = Release|Any CPU
		{B13A6B1E-7711-447E-80DB-446B80028D3C}.Release|Any CPU.Build.0 = Release|Any CPU
	EndGlobalSection
	GlobalSection(SolutionProperties) = preSolution
		HideSolutionNode = FALSE
	EndGlobalSection
	GlobalSection(ExtensibilityGlobals) = postSolution
		SolutionGuid = {D2C03E5D-75D7-4725-9BF4-EF764C83DAA4}
	EndGlobalSection
EndGlobal
